
Microsoft Visual Studio Solution File, Format Version 12.00
# Visual Studio 15
VisualStudioVersion = 15.0.26228.12
MinimumVisualStudioVersion = 10.0.40219.1
Project("{FAE04EC0-301F-11D3-BF4B-00C04F79EFBC}") = "BitClouded.TradeBot.App", "BitClouded.TradeBot.App\BitClouded.TradeBot.App.csproj", "{DDB932B4-2A18-4F9C-9C75-924E00FA49DE}"
EndProject
Project("{FAE04EC0-301F-11D3-BF4B-00C04F79EFBC}") = "BitClouded.TradeBot.DataAccess", "BitClouded.TradeBot.DataAccess\BitClouded.TradeBot.DataAccess.csproj", "{7192CAC8-0AEE-4094-9384-6EE313EE09E3}"
EndProject
Project("{FAE04EC0-301F-11D3-BF4B-00C04F79EFBC}") = "BitClouded.TradeBot.DataAccess.Tests", "BitClouded.TradeBot.DataAccess.Tests\BitClouded.TradeBot.DataAccess.Tests.csproj", "{11B8D5E1-4458-4050-975E-6D5A06045030}"
EndProject
Global
	GlobalSection(SolutionConfigurationPlatforms) = preSolution
		Debug|Any CPU = Debug|Any CPU
		Release|Any CPU = Release|Any CPU
	EndGlobalSection
	GlobalSection(ProjectConfigurationPlatforms) = postSolution
		{DDB932B4-2A18-4F9C-9C75-924E00FA49DE}.Debug|Any CPU.ActiveCfg = Debug|Any CPU
		{DDB932B4-2A18-4F9C-9C75-924E00FA49DE}.Debug|Any CPU.Build.0 = Debug|Any CPU
		{DDB932B4-2A18-4F9C-9C75-924E00FA49DE}.Release|Any CPU.ActiveCfg = Release|Any CPU
		{DDB932B4-2A18-4F9C-9C75-924E00FA49DE}.Release|Any CPU.Build.0 = Release|Any CPU
		{7192CAC8-0AEE-4094-9384-6EE313EE09E3}.Debug|Any CPU.ActiveCfg = Debug|Any CPU
		{7192CAC8-0AEE-4094-9384-6EE313EE09E3}.Debug|Any CPU.Build.0 = Debug|Any CPU
		{7192CAC8-0AEE-4094-9384-6EE313EE09E3}.Release|Any CPU.ActiveCfg = Release|Any CPU
		{7192CAC8-0AEE-4094-9384-6EE313EE09E3}.Release|Any CPU.Build.0 = Release|Any CPU
		{11B8D5E1-4458-4050-975E-6D5A06045030}.Debug|Any CPU.ActiveCfg = Debug|Any CPU
		{11B8D5E1-4458-4050-975E-6D5A06045030}.Debug|Any CPU.Build.0 = Debug|Any CPU
		{11B8D5E1-4458-4050-975E-6D5A06045030}.Release|Any CPU.ActiveCfg = Release|Any CPU
		{11B8D5E1-4458-4050-975E-6D5A06045030}.Release|Any CPU.Build.0 = Release|Any CPU
	EndGlobalSection
	GlobalSection(SolutionProperties) = preSolution
		HideSolutionNode = FALSE
	EndGlobalSection
EndGlobal
